
Microsoft Visual Studio Solution File, Format Version 12.00
# Visual Studio 15
VisualStudioVersion = 15.0.28307.572
MinimumVisualStudioVersion = 10.0.40219.1
Project("{FAE04EC0-301F-11D3-BF4B-00C04F79EFBC}") = "task1", "task1.csproj", "{0A174113-BFC9-4451-837C-04DD6EB8F505}"
EndProject
Global
	GlobalSection(SolutionConfigurationPlatforms) = preSolution
		Debug|Any CPU = Debug|Any CPU
		Release|Any CPU = Release|Any CPU
	EndGlobalSection
	GlobalSection(ProjectConfigurationPlatforms) = postSolution
		{0A174113-BFC9-4451-837C-04DD6EB8F505}.Debug|Any CPU.ActiveCfg = Debug|Any CPU
		{0A174113-BFC9-4451-837C-04DD6EB8F505}.Debug|Any CPU.Build.0 = Debug|Any CPU
		{0A174113-BFC9-4451-837C-04DD6EB8F505}.Release|Any CPU.ActiveCfg = Release|Any CPU
		{0A174113-BFC9-4451-837C-04DD6EB8F505}.Release|Any CPU.Build.0 = Release|Any CPU
	EndGlobalSection
	GlobalSection(SolutionProperties) = preSolution
		HideSolutionNode = FALSE
	EndGlobalSection
	GlobalSection(ExtensibilityGlobals) = postSolution
		SolutionGuid = {3C98E43B-5D5D-40C2-9D5A-2D2C331D89C1}
	EndGlobalSection
EndGlobal
